
Microsoft Visual Studio Solution File, Format Version 12.00
# Visual Studio Version 17
VisualStudioVersion = 17.6.33829.357
MinimumVisualStudioVersion = 10.0.40219.1
Project("{FAE04EC0-301F-11D3-BF4B-00C04F79EFBC}") = "MovieApp", "MovieApp\MovieApp.csproj", "{CD910481-0454-4801-AC7B-0AAEA89EB89C}"
EndProject
Global
	GlobalSection(SolutionConfigurationPlatforms) = preSolution
		Debug|Any CPU = Debug|Any CPU
		Release|Any CPU = Release|Any CPU
	EndGlobalSection
	GlobalSection(ProjectConfigurationPlatforms) = postSolution
		{CD910481-0454-4801-AC7B-0AAEA89EB89C}.Debug|Any CPU.ActiveCfg = Debug|Any CPU
		{CD910481-0454-4801-AC7B-0AAEA89EB89C}.Debug|Any CPU.Build.0 = Debug|Any CPU
		{CD910481-0454-4801-AC7B-0AAEA89EB89C}.Release|Any CPU.ActiveCfg = Release|Any CPU
		{CD910481-0454-4801-AC7B-0AAEA89EB89C}.Release|Any CPU.Build.0 = Release|Any CPU
	EndGlobalSection
	GlobalSection(SolutionProperties) = preSolution
		HideSolutionNode = FALSE
	EndGlobalSection
	GlobalSection(ExtensibilityGlobals) = postSolution
		SolutionGuid = {D94FDD24-844A-45BC-8EE7-16CB1B784574}
	EndGlobalSection
EndGlobal
